
Microsoft Visual Studio Solution File, Format Version 12.00
# Visual Studio 15
VisualStudioVersion = 15.0.27703.2035
MinimumVisualStudioVersion = 10.0.40219.1
Project("{FAE04EC0-301F-11D3-BF4B-00C04F79EFBC}") = "WindowsFormsApp1", "WindowsFormsApp1\WindowsFormsApp1.csproj", "{5D5C89A6-EBAC-469D-ADF0-B936A43F86D6}"
EndProject
Project("{FAE04EC0-301F-11D3-BF4B-00C04F79EFBC}") = "CHECADOR", "CHECADOR\CHECADOR.csproj", "{EDBB9EA7-CBE2-4C31-9E74-62F46FA73475}"
EndProject
Global
	GlobalSection(SolutionConfigurationPlatforms) = preSolution
		Debug|Any CPU = Debug|Any CPU
		Release|Any CPU = Release|Any CPU
	EndGlobalSection
	GlobalSection(ProjectConfigurationPlatforms) = postSolution
		{5D5C89A6-EBAC-469D-ADF0-B936A43F86D6}.Debug|Any CPU.ActiveCfg = Debug|Any CPU
		{5D5C89A6-EBAC-469D-ADF0-B936A43F86D6}.Debug|Any CPU.Build.0 = Debug|Any CPU
		{5D5C89A6-EBAC-469D-ADF0-B936A43F86D6}.Release|Any CPU.ActiveCfg = Release|Any CPU
		{5D5C89A6-EBAC-469D-ADF0-B936A43F86D6}.Release|Any CPU.Build.0 = Release|Any CPU
		{EDBB9EA7-CBE2-4C31-9E74-62F46FA73475}.Debug|Any CPU.ActiveCfg = Debug|Any CPU
		{EDBB9EA7-CBE2-4C31-9E74-62F46FA73475}.Debug|Any CPU.Build.0 = Debug|Any CPU
		{EDBB9EA7-CBE2-4C31-9E74-62F46FA73475}.Release|Any CPU.ActiveCfg = Release|Any CPU
		{EDBB9EA7-CBE2-4C31-9E74-62F46FA73475}.Release|Any CPU.Build.0 = Release|Any CPU
	EndGlobalSection
	GlobalSection(SolutionProperties) = preSolution
		HideSolutionNode = FALSE
	EndGlobalSection
	GlobalSection(ExtensibilityGlobals) = postSolution
		SolutionGuid = {496A5EE4-F1B1-47A7-A99E-AC138F2943D7}
	EndGlobalSection
EndGlobal
